
Microsoft Visual Studio Solution File, Format Version 12.00
# Visual Studio Version 17
VisualStudioVersion = 17.4.33403.182
MinimumVisualStudioVersion = 10.0.40219.1
Project("{FAE04EC0-301F-11D3-BF4B-00C04F79EFBC}") = "ArchitekturTestMinesweeper", "ArchitekturTestMinesweeper\ArchitekturTestMinesweeper.csproj", "{D5FF0C92-0C50-41F4-BD27-CFC347B67A10}"
EndProject
Project("{FAE04EC0-301F-11D3-BF4B-00C04F79EFBC}") = "Minesweeper.Logic", "Minesweeper.Logic\Minesweeper.Logic.csproj", "{BFFA17C4-10B4-4BB4-B4C3-CCC09404C9D5}"
EndProject
Project("{FAE04EC0-301F-11D3-BF4B-00C04F79EFBC}") = "Minesweeper.LogicTests", "Minesweeper.LogicTests\Minesweeper.LogicTests.csproj", "{121668BB-D419-451D-80E8-811D226F1DDE}"
EndProject
Global
	GlobalSection(SolutionConfigurationPlatforms) = preSolution
		Debug|Any CPU = Debug|Any CPU
		Release|Any CPU = Release|Any CPU
	EndGlobalSection
	GlobalSection(ProjectConfigurationPlatforms) = postSolution
		{D5FF0C92-0C50-41F4-BD27-CFC347B67A10}.Debug|Any CPU.ActiveCfg = Debug|Any CPU
		{D5FF0C92-0C50-41F4-BD27-CFC347B67A10}.Debug|Any CPU.Build.0 = Debug|Any CPU
		{D5FF0C92-0C50-41F4-BD27-CFC347B67A10}.Release|Any CPU.ActiveCfg = Release|Any CPU
		{D5FF0C92-0C50-41F4-BD27-CFC347B67A10}.Release|Any CPU.Build.0 = Release|Any CPU
		{BFFA17C4-10B4-4BB4-B4C3-CCC09404C9D5}.Debug|Any CPU.ActiveCfg = Debug|Any CPU
		{BFFA17C4-10B4-4BB4-B4C3-CCC09404C9D5}.Debug|Any CPU.Build.0 = Debug|Any CPU
		{BFFA17C4-10B4-4BB4-B4C3-CCC09404C9D5}.Release|Any CPU.ActiveCfg = Release|Any CPU
		{BFFA17C4-10B4-4BB4-B4C3-CCC09404C9D5}.Release|Any CPU.Build.0 = Release|Any CPU
		{121668BB-D419-451D-80E8-811D226F1DDE}.Debug|Any CPU.ActiveCfg = Debug|Any CPU
		{121668BB-D419-451D-80E8-811D226F1DDE}.Debug|Any CPU.Build.0 = Debug|Any CPU
		{121668BB-D419-451D-80E8-811D226F1DDE}.Release|Any CPU.ActiveCfg = Release|Any CPU
		{121668BB-D419-451D-80E8-811D226F1DDE}.Release|Any CPU.Build.0 = Release|Any CPU
	EndGlobalSection
	GlobalSection(SolutionProperties) = preSolution
		HideSolutionNode = FALSE
	EndGlobalSection
	GlobalSection(ExtensibilityGlobals) = postSolution
		SolutionGuid = {4CA444A4-CD8D-4B43-AF69-AF1EC123A4F6}
	EndGlobalSection
EndGlobal
